// !$*UTF8*$!
{
	archiveVersion = 1;
	classes = {
	};
	objectVersion = 46;
	objects = {

/* Begin PBXBuildFile section */
		A654AD0C18D35D68006224F4 /* Foundation.framework in Frameworks */ = {isa = PBXBuildFile; fileRef = A654AD0B18D35D68006224F4 /* Foundation.framework */; };
		A654AD0E18D35D68006224F4 /* CoreGraphics.framework in Frameworks */ = {isa = PBXBuildFile; fileRef = A654AD0D18D35D68006224F4 /* CoreGraphics.framework */; };
		A654AD1018D35D68006224F4 /* UIKit.framework in Frameworks */ = {isa = PBXBuildFile; fileRef = A654AD0F18D35D68006224F4 /* UIKit.framework */; };
		A654AD1618D35D68006224F4 /* InfoPlist.strings in Resources */ = {isa = PBXBuildFile; fileRef = A654AD1418D35D68006224F4 /* InfoPlist.strings */; };
		A654AD1818D35D68006224F4 /* main.m in Sources */ = {isa = PBXBuildFile; fileRef = A654AD1718D35D68006224F4 /* main.m */; };
		A654AD1C18D35D68006224F4 /* AppDelegate.m in Sources */ = {isa = PBXBuildFile; fileRef = A654AD1B18D35D68006224F4 /* AppDelegate.m */; };
		A654AD1F18D35D68006224F4 /* Main_iPhone.storyboard in Resources */ = {isa = PBXBuildFile; fileRef = A654AD1D18D35D68006224F4 /* Main_iPhone.storyboard */; };
		A654AD2218D35D68006224F4 /* Main_iPad.storyboard in Resources */ = {isa = PBXBuildFile; fileRef = A654AD2018D35D68006224F4 /* Main_iPad.storyboard */; };
		A654AD2518D35D68006224F4 /* ViewController.m in Sources */ = {isa = PBXBuildFile; fileRef = A654AD2418D35D68006224F4 /* ViewController.m */; };
		A654AD2718D35D68006224F4 /* Images.xcassets in Resources */ = {isa = PBXBuildFile; fileRef = A654AD2618D35D68006224F4 /* Images.xcassets */; };
		A654AD2E18D35D68006224F4 /* XCTest.framework in Frameworks */ = {isa = PBXBuildFile; fileRef = A654AD2D18D35D68006224F4 /* XCTest.framework */; };
		A654AD2F18D35D68006224F4 /* Foundation.framework in Frameworks */ = {isa = PBXBuildFile; fileRef = A654AD0B18D35D68006224F4 /* Foundation.framework */; };
		A654AD3018D35D68006224F4 /* UIKit.framework in Frameworks */ = {isa = PBXBuildFile; fileRef = A654AD0F18D35D68006224F4 /* UIKit.framework */; };
		A654AD3818D35D68006224F4 /* InfoPlist.strings in Resources */ = {isa = PBXBuildFile; fileRef = A654AD3618D35D68006224F4 /* InfoPlist.strings */; };
		A654AD3A18D35D68006224F4 /* TestAppTests.m in Sources */ = {isa = PBXBuildFile; fileRef = A654AD3918D35D68006224F4 /* TestAppTests.m */; };
/* End PBXBuildFile section */

/* Begin PBXContainerItemProxy section */
		A654AD3118D35D68006224F4 /* PBXContainerItemProxy */ = {
			isa = PBXContainerItemProxy;
			containerPortal = A654AD0018D35D68006224F4 /* Project object */;
			proxyType = 1;
			remoteGlobalIDString = A654AD0718D35D68006224F4;
			remoteInfo = TestApp;
		};
/* End PBXContainerItemProxy section */

/* Begin PBXFileReference section */
		A654AD0818D35D68006224F4 /* TestApp.app */ = {isa = PBXFileReference; explicitFileType = wrapper.application; includeInIndex = 0; path = TestApp.app; sourceTree = BUILT_PRODUCTS_DIR; };
		A654AD0B18D35D68006224F4 /* Foundation.framework */ = {isa = PBXFileReference; lastKnownFileType = wrapper.framework; name = Foundation.framework; path = System/Library/Frameworks/Foundation.framework; sourceTree = SDKROOT; };
		A654AD0D18D35D68006224F4 /* CoreGraphics.framework */ = {isa = PBXFileReference; lastKnownFileType = wrapper.framework; name = CoreGraphics.framework; path = System/Library/Frameworks/CoreGraphics.framework; sourceTree = SDKROOT; };
		A654AD0F18D35D68006224F4 /* UIKit.framework */ = {isa = PBXFileReference; lastKnownFileType = wrapper.framework; name = UIKit.framework; path = System/Library/Frameworks/UIKit.framework; sourceTree = SDKROOT; };
		A654AD1318D35D68006224F4 /* TestApp-Info.plist */ = {isa = PBXFileReference; lastKnownFileType = text.plist.xml; path = "TestApp-Info.plist"; sourceTree = "<group>"; };
		A654AD1518D35D68006224F4 /* en */ = {isa = PBXFileReference; lastKnownFileType = text.plist.strings; name = en; path = en.lproj/InfoPlist.strings; sourceTree = "<group>"; };
		A654AD1718D35D68006224F4 /* main.m */ = {isa = PBXFileReference; lastKnownFileType = sourcecode.c.objc; path = main.m; sourceTree = "<group>"; };
		A654AD1918D35D68006224F4 /* TestApp-Prefix.pch */ = {isa = PBXFileReference; lastKnownFileType = sourcecode.c.h; path = "TestApp-Prefix.pch"; sourceTree = "<group>"; };
		A654AD1A18D35D68006224F4 /* AppDelegate.h */ = {isa = PBXFileReference; lastKnownFileType = sourcecode.c.h; path = AppDelegate.h; sourceTree = "<group>"; };
		A654AD1B18D35D68006224F4 /* AppDelegate.m */ = {isa = PBXFileReference; lastKnownFileType = sourcecode.c.objc; path = AppDelegate.m; sourceTree = "<group>"; };
		A654AD1E18D35D68006224F4 /* Base */ = {isa = PBXFileReference; lastKnownFileType = file.storyboard; name = Base; path = Base.lproj/Main_iPhone.storyboard; sourceTree = "<group>"; };
		A654AD2118D35D68006224F4 /* Base */ = {isa = PBXFileReference; lastKnownFileType = file.storyboard; name = Base; path = Base.lproj/Main_iPad.storyboard; sourceTree = "<group>"; };
		A654AD2318D35D68006224F4 /* ViewController.h */ = {isa = PBXFileReference; lastKnownFileType = sourcecode.c.h; path = ViewController.h; sourceTree = "<group>"; };
		A654AD2418D35D68006224F4 /* ViewController.m */ = {isa = PBXFileReference; lastKnownFileType = sourcecode.c.objc; path = ViewController.m; sourceTree = "<group>"; };
		A654AD2618D35D68006224F4 /* Images.xcassets */ = {isa = PBXFileReference; lastKnownFileType = folder.assetcatalog; path = Images.xcassets; sourceTree = "<group>"; };
		A654AD2C18D35D68006224F4 /* TestAppTests.xctest */ = {isa = PBXFileReference; explicitFileType = wrapper.cfbundle; includeInIndex = 0; path = TestAppTests.xctest; sourceTree = BUILT_PRODUCTS_DIR; };
		A654AD2D18D35D68006224F4 /* XCTest.framework */ = {isa = PBXFileReference; lastKnownFileType = wrapper.framework; name = XCTest.framework; path = Library/Frameworks/XCTest.framework; sourceTree = DEVELOPER_DIR; };
		A654AD3518D35D68006224F4 /* TestAppTests-Info.plist */ = {isa = PBXFileReference; lastKnownFileType = text.plist.xml; path = "TestAppTests-Info.plist"; sourceTree = "<group>"; };
		A654AD3718D35D68006224F4 /* en */ = {isa = PBXFileReference; lastKnownFileType = text.plist.strings; name = en; path = en.lproj/InfoPlist.strings; sourceTree = "<group>"; };
		A654AD3918D35D68006224F4 /* TestAppTests.m */ = {isa = PBXFileReference; lastKnownFileType = sourcecode.c.objc; path = TestAppTests.m; sourceTree = "<group>"; };
/* End PBXFileReference section */

/* Begin PBXFrameworksBuildPhase section */
		A654AD0518D35D68006224F4 /* Frameworks */ = {
			isa = PBXFrameworksBuildPhase;
			buildActionMask = 2147483647;
			files = (
				A654AD0E18D35D68006224F4 /* CoreGraphics.framework in Frameworks */,
				A654AD1018D35D68006224F4 /* UIKit.framework in Frameworks */,
				A654AD0C18D35D68006224F4 /* Foundation.framework in Frameworks */,
			);
			runOnlyForDeploymentPostprocessing = 0;
		};
		A654AD2918D35D68006224F4 /* Frameworks */ = {
			isa = PBXFrameworksBuildPhase;
			buildActionMask = 2147483647;
			files = (
				A654AD2E18D35D68006224F4 /* XCTest.framework in Frameworks */,
				A654AD3018D35D68006224F4 /* UIKit.framework in Frameworks */,
				A654AD2F18D35D68006224F4 /* Foundation.framework in Frameworks */,
			);
			runOnlyForDeploymentPostprocessing = 0;
		};
/* End PBXFrameworksBuildPhase section */

/* Begin PBXGroup section */
		A654ACFF18D35D68006224F4 = {
			isa = PBXGroup;
			children = (
				A654AD1118D35D68006224F4 /* TestApp */,
				A654AD3318D35D68006224F4 /* TestAppTests */,
				A654AD0A18D35D68006224F4 /* Frameworks */,
				A654AD0918D35D68006224F4 /* Products */,
			);
			sourceTree = "<group>";
		};
		A654AD0918D35D68006224F4 /* Products */ = {
			isa = PBXGroup;
			children = (
				A654AD0818D35D68006224F4 /* TestApp.app */,
				A654AD2C18D35D68006224F4 /* TestAppTests.xctest */,
			);
			name = Products;
			sourceTree = "<group>";
		};
		A654AD0A18D35D68006224F4 /* Frameworks */ = {
			isa = PBXGroup;
			children = (
				A654AD0B18D35D68006224F4 /* Foundation.framework */,
				A654AD0D18D35D68006224F4 /* CoreGraphics.framework */,
				A654AD0F18D35D68006224F4 /* UIKit.framework */,
				A654AD2D18D35D68006224F4 /* XCTest.framework */,
			);
			name = Frameworks;
			sourceTree = "<group>";
		};
		A654AD1118D35D68006224F4 /* TestApp */ = {
			isa = PBXGroup;
			children = (
				A654AD1A18D35D68006224F4 /* AppDelegate.h */,
				A654AD1B18D35D68006224F4 /* AppDelegate.m */,
				A654AD1D18D35D68006224F4 /* Main_iPhone.storyboard */,
				A654AD2018D35D68006224F4 /* Main_iPad.storyboard */,
				A654AD2318D35D68006224F4 /* ViewController.h */,
				A654AD2418D35D68006224F4 /* ViewController.m */,
				A654AD2618D35D68006224F4 /* Images.xcassets */,
				A654AD1218D35D68006224F4 /* Supporting Files */,
			);
			path = TestApp;
			sourceTree = "<group>";
		};
		A654AD1218D35D68006224F4 /* Supporting Files */ = {
			isa = PBXGroup;
			children = (
				A654AD1318D35D68006224F4 /* TestApp-Info.plist */,
				A654AD1418D35D68006224F4 /* InfoPlist.strings */,
				A654AD1718D35D68006224F4 /* main.m */,
				A654AD1918D35D68006224F4 /* TestApp-Prefix.pch */,
			);
			name = "Supporting Files";
			sourceTree = "<group>";
		};
		A654AD3318D35D68006224F4 /* TestAppTests */ = {
			isa = PBXGroup;
			children = (
				A654AD3918D35D68006224F4 /* TestAppTests.m */,
				A654AD3418D35D68006224F4 /* Supporting Files */,
			);
			path = TestAppTests;
			sourceTree = "<group>";
		};
		A654AD3418D35D68006224F4 /* Supporting Files */ = {
			isa = PBXGroup;
			children = (
				A654AD3518D35D68006224F4 /* TestAppTests-Info.plist */,
				A654AD3618D35D68006224F4 /* InfoPlist.strings */,
			);
			name = "Supporting Files";
			sourceTree = "<group>";
		};
/* End PBXGroup section */

/* Begin PBXNativeTarget section */
		A654AD0718D35D68006224F4 /* TestApp */ = {
			isa = PBXNativeTarget;
			buildConfigurationList = A654AD3D18D35D68006224F4 /* Build configuration list for PBXNativeTarget "TestApp" */;
			buildPhases = (
				A654AD0418D35D68006224F4 /* Sources */,
				A654AD0518D35D68006224F4 /* Frameworks */,
				A654AD0618D35D68006224F4 /* Resources */,
			);
			buildRules = (
			);
			dependencies = (
			);
			name = TestApp;
			productName = TestApp;
			productReference = A654AD0818D35D68006224F4 /* TestApp.app */;
			productType = "com.apple.product-type.application";
		};
		A654AD2B18D35D68006224F4 /* TestAppTests */ = {
			isa = PBXNativeTarget;
			buildConfigurationList = A654AD4018D35D68006224F4 /* Build configuration list for PBXNativeTarget "TestAppTests" */;
			buildPhases = (
				A654AD2818D35D68006224F4 /* Sources */,
				A654AD2918D35D68006224F4 /* Frameworks */,
				A654AD2A18D35D68006224F4 /* Resources */,
			);
			buildRules = (
			);
			dependencies = (
				A654AD3218D35D68006224F4 /* PBXTargetDependency */,
			);
			name = TestAppTests;
			productName = TestAppTests;
			productReference = A654AD2C18D35D68006224F4 /* TestAppTests.xctest */;
			productType = "com.apple.product-type.bundle.unit-test";
		};
/* End PBXNativeTarget section */

/* Begin PBXProject section */
		A654AD0018D35D68006224F4 /* Project object */ = {
			isa = PBXProject;
			attributes = {
				LastUpgradeCheck = 0510;
				ORGANIZATIONNAME = "___FULLUSERNAME___";
				TargetAttributes = {
					A654AD2B18D35D68006224F4 = {
						TestTargetID = A654AD0718D35D68006224F4;
					};
				};
			};
			buildConfigurationList = A654AD0318D35D68006224F4 /* Build configuration list for PBXProject "TestApp" */;
			compatibilityVersion = "Xcode 3.2";
			developmentRegion = English;
			hasScannedForEncodings = 0;
			knownRegions = (
				en,
				Base,
			);
			mainGroup = A654ACFF18D35D68006224F4;
			productRefGroup = A654AD0918D35D68006224F4 /* Products */;
			projectDirPath = "";
			projectRoot = "";
			targets = (
				A654AD0718D35D68006224F4 /* TestApp */,
				A654AD2B18D35D68006224F4 /* TestAppTests */,
			);
		};
/* End PBXProject section */

/* Begin PBXResourcesBuildPhase section */
		A654AD0618D35D68006224F4 /* Resources */ = {
			isa = PBXResourcesBuildPhase;
			buildActionMask = 2147483647;
			files = (
				A654AD2218D35D68006224F4 /* Main_iPad.storyboard in Resources */,
				A654AD2718D35D68006224F4 /* Images.xcassets in Resources */,
				A654AD1F18D35D68006224F4 /* Main_iPhone.storyboard in Resources */,
				A654AD1618D35D68006224F4 /* InfoPlist.strings in Resources */,
			);
			runOnlyForDeploymentPostprocessing = 0;
		};
		A654AD2A18D35D68006224F4 /* Resources */ = {
			isa = PBXResourcesBuildPhase;
			buildActionMask = 2147483647;
			files = (
				A654AD3818D35D68006224F4 /* InfoPlist.strings in Resources */,
			);
			runOnlyForDeploymentPostprocessing = 0;
		};
/* End PBXResourcesBuildPhase section */

/* Begin PBXSourcesBuildPhase section */
		A654AD0418D35D68006224F4 /* Sources */ = {
			isa = PBXSourcesBuildPhase;
			buildActionMask = 2147483647;
			files = (
				A654AD2518D35D68006224F4 /* ViewController.m in Sources */,
				A654AD1C18D35D68006224F4 /* AppDelegate.m in Sources */,
				A654AD1818D35D68006224F4 /* main.m in Sources */,
			);
			runOnlyForDeploymentPostprocessing = 0;
		};
		A654AD2818D35D68006224F4 /* Sources */ = {
			isa = PBXSourcesBuildPhase;
			buildActionMask = 2147483647;
			files = (
				A654AD3A18D35D68006224F4 /* TestAppTests.m in Sources */,
			);
			runOnlyForDeploymentPostprocessing = 0;
		};
/* End PBXSourcesBuildPhase section */

/* Begin PBXTargetDependency section */
		A654AD3218D35D68006224F4 /* PBXTargetDependency */ = {
			isa = PBXTargetDependency;
			target = A654AD0718D35D68006224F4 /* TestApp */;
			targetProxy = A654AD3118D35D68006224F4 /* PBXContainerItemProxy */;
		};
/* End PBXTargetDependency section */

/* Begin PBXVariantGroup section */
		A654AD1418D35D68006224F4 /* InfoPlist.strings */ = {
			isa = PBXVariantGroup;
			children = (
				A654AD1518D35D68006224F4 /* en */,
			);
			name = InfoPlist.strings;
			sourceTree = "<group>";
		};
		A654AD1D18D35D68006224F4 /* Main_iPhone.storyboard */ = {
			isa = PBXVariantGroup;
			children = (
				A654AD1E18D35D68006224F4 /* Base */,
			);
			name = Main_iPhone.storyboard;
			sourceTree = "<group>";
		};
		A654AD2018D35D68006224F4 /* Main_iPad.storyboard */ = {
			isa = PBXVariantGroup;
			children = (
				A654AD2118D35D68006224F4 /* Base */,
			);
			name = Main_iPad.storyboard;
			sourceTree = "<group>";
		};
		A654AD3618D35D68006224F4 /* InfoPlist.strings */ = {
			isa = PBXVariantGroup;
			children = (
				A654AD3718D35D68006224F4 /* en */,
			);
			name = InfoPlist.strings;
			sourceTree = "<group>";
		};
/* End PBXVariantGroup section */

/* Begin XCBuildConfiguration section */
		A654AD3B18D35D68006224F4 /* Debug */ = {
			isa = XCBuildConfiguration;
			buildSettings = {
				ALWAYS_SEARCH_USER_PATHS = NO;
				CLANG_CXX_LANGUAGE_STANDARD = "gnu++0x";
				CLANG_CXX_LIBRARY = "libc++";
				CLANG_ENABLE_MODULES = YES;
				CLANG_ENABLE_OBJC_ARC = YES;
				CLANG_WARN_BOOL_CONVERSION = YES;
				CLANG_WARN_CONSTANT_CONVERSION = YES;
				CLANG_WARN_DIRECT_OBJC_ISA_USAGE = YES_ERROR;
				CLANG_WARN_EMPTY_BODY = YES;
				CLANG_WARN_ENUM_CONVERSION = YES;
				CLANG_WARN_INT_CONVERSION = YES;
				CLANG_WARN_OBJC_ROOT_CLASS = YES_ERROR;
				CLANG_WARN__DUPLICATE_METHOD_MATCH = YES;
				"CODE_SIGN_IDENTITY[sdk=iphoneos*]" = "iPhone Developer";
				COPY_PHASE_STRIP = NO;
				GCC_C_LANGUAGE_STANDARD = gnu99;
				GCC_DYNAMIC_NO_PIC = NO;
				GCC_OPTIMIZATION_LEVEL = 0;
				GCC_PREPROCESSOR_DEFINITIONS = (
					"DEBUG=1",
					"$(inherited)",
				);
				GCC_SYMBOLS_PRIVATE_EXTERN = NO;
				GCC_WARN_64_TO_32_BIT_CONVERSION = YES;
				GCC_WARN_ABOUT_RETURN_TYPE = YES_ERROR;
				GCC_WARN_UNDECLARED_SELECTOR = YES;
				GCC_WARN_UNINITIALIZED_AUTOS = YES_AGGRESSIVE;
				GCC_WARN_UNUSED_FUNCTION = YES;
				GCC_WARN_UNUSED_VARIABLE = YES;
				IPHONEOS_DEPLOYMENT_TARGET = 7.1;
				ONLY_ACTIVE_ARCH = YES;
				SDKROOT = iphoneos;
				TARGETED_DEVICE_FAMILY = "1,2";
			};
			name = Debug;
		};
		A654AD3C18D35D68006224F4 /* Release */ = {
			isa = XCBuildConfiguration;
			buildSettings = {
				ALWAYS_SEARCH_USER_PATHS = NO;
				CLANG_CXX_LANGUAGE_STANDARD = "gnu++0x";
				CLANG_CXX_LIBRARY = "libc++";
				CLANG_ENABLE_MODULES = YES;
				CLANG_ENABLE_OBJC_ARC = YES;
				CLANG_WARN_BOOL_CONVERSION = YES;
				CLANG_WARN_CONSTANT_CONVERSION = YES;
				CLANG_WARN_DIRECT_OBJC_ISA_USAGE = YES_ERROR;
				CLANG_WARN_EMPTY_BODY = YES;
				CLANG_WARN_ENUM_CONVERSION = YES;
				CLANG_WARN_INT_CONVERSION = YES;
				CLANG_WARN_OBJC_ROOT_CLASS = YES_ERROR;
				CLANG_WARN__DUPLICATE_METHOD_MATCH = YES;
				"CODE_SIGN_IDENTITY[sdk=iphoneos*]" = "iPhone Developer";
				COPY_PHASE_STRIP = YES;
				ENABLE_NS_ASSERTIONS = NO;
				GCC_C_LANGUAGE_STANDARD = gnu99;
				GCC_WARN_64_TO_32_BIT_CONVERSION = YES;
				GCC_WARN_ABOUT_RETURN_TYPE = YES_ERROR;
				GCC_WARN_UNDECLARED_SELECTOR = YES;
				GCC_WARN_UNINITIALIZED_AUTOS = YES_AGGRESSIVE;
				GCC_WARN_UNUSED_FUNCTION = YES;
				GCC_WARN_UNUSED_VARIABLE = YES;
				IPHONEOS_DEPLOYMENT_TARGET = 7.1;
				SDKROOT = iphoneos;
				TARGETED_DEVICE_FAMILY = "1,2";
				VALIDATE_PRODUCT = YES;
			};
			name = Release;
		};
		A654AD3E18D35D68006224F4 /* Debug */ = {
			isa = XCBuildConfiguration;
			buildSettings = {
				ASSETCATALOG_COMPILER_APPICON_NAME = AppIcon;
				ASSETCATALOG_COMPILER_LAUNCHIMAGE_NAME = LaunchImage;
				GCC_PRECOMPILE_PREFIX_HEADER = YES;
				GCC_PREFIX_HEADER = "TestApp/TestApp-Prefix.pch";
				INFOPLIST_FILE = "TestApp/TestApp-Info.plist";
				PRODUCT_NAME = "$(TARGET_NAME)";
				WRAPPER_EXTENSION = app;
			};
			name = Debug;
		};
		A654AD3F18D35D68006224F4 /* Release */ = {
			isa = XCBuildConfiguration;
			buildSettings = {
				ASSETCATALOG_COMPILER_APPICON_NAME = AppIcon;
				ASSETCATALOG_COMPILER_LAUNCHIMAGE_NAME = LaunchImage;
				GCC_PRECOMPILE_PREFIX_HEADER = YES;
				GCC_PREFIX_HEADER = "TestApp/TestApp-Prefix.pch";
				INFOPLIST_FILE = "TestApp/TestApp-Info.plist";
				PRODUCT_NAME = "$(TARGET_NAME)";
				WRAPPER_EXTENSION = app;
			};
			name = Release;
		};
		A654AD4118D35D68006224F4 /* Debug */ = {
			isa = XCBuildConfiguration;
			buildSettings = {
				BUNDLE_LOADER = "$(BUILT_PRODUCTS_DIR)/TestApp.app/TestApp";
				FRAMEWORK_SEARCH_PATHS = (
					"$(SDKROOT)/Developer/Library/Frameworks",
					"$(inherited)",
					"$(DEVELOPER_FRAMEWORKS_DIR)",
				);
				GCC_PRECOMPILE_PREFIX_HEADER = YES;
				GCC_PREFIX_HEADER = "TestApp/TestApp-Prefix.pch";
				GCC_PREPROCESSOR_DEFINITIONS = (
					"DEBUG=1",
					"$(inherited)",
				);
				INFOPLIST_FILE = "TestAppTests/TestAppTests-Info.plist";
				PRODUCT_NAME = "$(TARGET_NAME)";
				TEST_HOST = "$(BUNDLE_LOADER)";
				WRAPPER_EXTENSION = xctest;
			};
			name = Debug;
		};
		A654AD4218D35D68006224F4 /* Release */ = {
			isa = XCBuildConfiguration;
			buildSettings = {
				BUNDLE_LOADER = "$(BUILT_PRODUCTS_DIR)/TestApp.app/TestApp";
				FRAMEWORK_SEARCH_PATHS = (
					"$(SDKROOT)/Developer/Library/Frameworks",
					"$(inherited)",
					"$(DEVELOPER_FRAMEWORKS_DIR)",
				);
				GCC_PRECOMPILE_PREFIX_HEADER = YES;
				GCC_PREFIX_HEADER = "TestApp/TestApp-Prefix.pch";
				INFOPLIST_FILE = "TestAppTests/TestAppTests-Info.plist";
				PRODUCT_NAME = "$(TARGET_NAME)";
				TEST_HOST = "$(BUNDLE_LOADER)";
				WRAPPER_EXTENSION = xctest;
			};
			name = Release;
		};
/* End XCBuildConfiguration section */

/* Begin XCConfigurationList section */
		A654AD0318D35D68006224F4 /* Build configuration list for PBXProject "TestApp" */ = {
			isa = XCConfigurationList;
			buildConfigurations = (
				A654AD3B18D35D68006224F4 /* Debug */,
				A654AD3C18D35D68006224F4 /* Release */,
			);
			defaultConfigurationIsVisible = 0;
			defaultConfigurationName = Release;
		};
		A654AD3D18D35D68006224F4 /* Build configuration list for PBXNativeTarget "TestApp" */ = {
			isa = XCConfigurationList;
			buildConfigurations = (
				A654AD3E18D35D68006224F4 /* Debug */,
				A654AD3F18D35D68006224F4 /* Release */,
			);
			defaultConfigurationIsVisible = 0;
		};
		A654AD4018D35D68006224F4 /* Build configuration list for PBXNativeTarget "TestAppTests" */ = {
			isa = XCConfigurationList;
			buildConfigurations = (
				A654AD4118D35D68006224F4 /* Debug */,
				A654AD4218D35D68006224F4 /* Release */,
			);
			defaultConfigurationIsVisible = 0;
		};
/* End XCConfigurationList section */
	};
	rootObject = A654AD0018D35D68006224F4 /* Project object */;
}
